// !$*UTF8*$!
{
	archiveVersion = 1;
	classes = {
	};
	objectVersion = 55;
	objects = {

/* Begin PBXBuildFile section */
		81772E6F27EA1F15006450EE /* WaypointViewController.swift in Sources */ = {isa = PBXBuildFile; fileRef = 81772E6E27EA1F15006450EE /* WaypointViewController.swift */; };
		81772E7327EA5AAB006450EE /* TableViewController.swift in Sources */ = {isa = PBXBuildFile; fileRef = 81772E7227EA5AAB006450EE /* TableViewController.swift */; };
		819257DA28031A2500D717D9 /* MapViewController.swift in Sources */ = {isa = PBXBuildFile; fileRef = 819257D928031A2500D717D9 /* MapViewController.swift */; };
		819257DC280F262C00D717D9 /* Waypoint.swift in Sources */ = {isa = PBXBuildFile; fileRef = 819257DB280F262C00D717D9 /* Waypoint.swift */; };
		819257DE280F314E00D717D9 /* locations.json in Resources */ = {isa = PBXBuildFile; fileRef = 819257DD280F314E00D717D9 /* locations.json */; };
		819257E02814BD9B00D717D9 /* WaypointDataLoader.swift in Sources */ = {isa = PBXBuildFile; fileRef = 819257DF2814BD9B00D717D9 /* WaypointDataLoader.swift */; };
		819257E2281A604200D717D9 /* BuildingData.swift in Sources */ = {isa = PBXBuildFile; fileRef = 819257E1281A604200D717D9 /* BuildingData.swift */; };
		819257E4281A6A6F00D717D9 /* BuildingViewController.swift in Sources */ = {isa = PBXBuildFile; fileRef = 819257E3281A6A6F00D717D9 /* BuildingViewController.swift */; };
		819257E6281BAC4B00D717D9 /* buildings.json in Resources */ = {isa = PBXBuildFile; fileRef = 819257E5281BAC4B00D717D9 /* buildings.json */; };
		819257E8281BB75E00D717D9 /* BuildingDataLoader.swift in Sources */ = {isa = PBXBuildFile; fileRef = 819257E7281BB75E00D717D9 /* BuildingDataLoader.swift */; };
		81A4CFF527DBAE1C00E5E0D6 /* AppDelegate.swift in Sources */ = {isa = PBXBuildFile; fileRef = 81A4CFF427DBAE1C00E5E0D6 /* AppDelegate.swift */; };
		81A4CFF727DBAE1C00E5E0D6 /* SceneDelegate.swift in Sources */ = {isa = PBXBuildFile; fileRef = 81A4CFF627DBAE1C00E5E0D6 /* SceneDelegate.swift */; };
		81A4CFFC27DBAE1C00E5E0D6 /* Main.storyboard in Resources */ = {isa = PBXBuildFile; fileRef = 81A4CFFA27DBAE1C00E5E0D6 /* Main.storyboard */; };
		81A4CFFE27DBAE1D00E5E0D6 /* Assets.xcassets in Resources */ = {isa = PBXBuildFile; fileRef = 81A4CFFD27DBAE1D00E5E0D6 /* Assets.xcassets */; };
		81A4D00127DBAE1D00E5E0D6 /* LaunchScreen.storyboard in Resources */ = {isa = PBXBuildFile; fileRef = 81A4CFFF27DBAE1D00E5E0D6 /* LaunchScreen.storyboard */; };
/* End PBXBuildFile section */

/* Begin PBXFileReference section */
		81772E6E27EA1F15006450EE /* WaypointViewController.swift */ = {isa = PBXFileReference; fileEncoding = 4; lastKnownFileType = sourcecode.swift; path = WaypointViewController.swift; sourceTree = "<group>"; };
		81772E7227EA5AAB006450EE /* TableViewController.swift */ = {isa = PBXFileReference; lastKnownFileType = sourcecode.swift; path = TableViewController.swift; sourceTree = "<group>"; };
		819257D928031A2500D717D9 /* MapViewController.swift */ = {isa = PBXFileReference; lastKnownFileType = sourcecode.swift; path = MapViewController.swift; sourceTree = "<group>"; };
		819257DB280F262C00D717D9 /* Waypoint.swift */ = {isa = PBXFileReference; lastKnownFileType = sourcecode.swift; path = Waypoint.swift; sourceTree = "<group>"; };
		819257DD280F314E00D717D9 /* locations.json */ = {isa = PBXFileReference; fileEncoding = 4; lastKnownFileType = text.json; path = locations.json; sourceTree = "<group>"; };
		819257DF2814BD9B00D717D9 /* WaypointDataLoader.swift */ = {isa = PBXFileReference; lastKnownFileType = sourcecode.swift; path = WaypointDataLoader.swift; sourceTree = "<group>"; };
		819257E1281A604200D717D9 /* BuildingData.swift */ = {isa = PBXFileReference; lastKnownFileType = sourcecode.swift; path = BuildingData.swift; sourceTree = "<group>"; };
		819257E3281A6A6F00D717D9 /* BuildingViewController.swift */ = {isa = PBXFileReference; lastKnownFileType = sourcecode.swift; path = BuildingViewController.swift; sourceTree = "<group>"; };
		819257E5281BAC4B00D717D9 /* buildings.json */ = {isa = PBXFileReference; fileEncoding = 4; lastKnownFileType = text.json; path = buildings.json; sourceTree = "<group>"; };
		819257E7281BB75E00D717D9 /* BuildingDataLoader.swift */ = {isa = PBXFileReference; lastKnownFileType = sourcecode.swift; path = BuildingDataLoader.swift; sourceTree = "<group>"; };
		81A4CFF127DBAE1C00E5E0D6 /* CampusMapping.app */ = {isa = PBXFileReference; explicitFileType = wrapper.application; includeInIndex = 0; path = CampusMapping.app; sourceTree = BUILT_PRODUCTS_DIR; };
		81A4CFF427DBAE1C00E5E0D6 /* AppDelegate.swift */ = {isa = PBXFileReference; lastKnownFileType = sourcecode.swift; path = AppDelegate.swift; sourceTree = "<group>"; };
		81A4CFF627DBAE1C00E5E0D6 /* SceneDelegate.swift */ = {isa = PBXFileReference; lastKnownFileType = sourcecode.swift; path = SceneDelegate.swift; sourceTree = "<group>"; };
		81A4CFFB27DBAE1C00E5E0D6 /* Base */ = {isa = PBXFileReference; lastKnownFileType = file.storyboard; name = Base; path = Base.lproj/Main.storyboard; sourceTree = "<group>"; };
		81A4CFFD27DBAE1D00E5E0D6 /* Assets.xcassets */ = {isa = PBXFileReference; lastKnownFileType = folder.assetcatalog; path = Assets.xcassets; sourceTree = "<group>"; };
		81A4D00027DBAE1D00E5E0D6 /* Base */ = {isa = PBXFileReference; lastKnownFileType = file.storyboard; name = Base; path = Base.lproj/LaunchScreen.storyboard; sourceTree = "<group>"; };
		81A4D00227DBAE1D00E5E0D6 /* Info.plist */ = {isa = PBXFileReference; lastKnownFileType = text.plist.xml; path = Info.plist; sourceTree = "<group>"; };
/* End PBXFileReference section */

/* Begin PBXFrameworksBuildPhase section */
		81A4CFEE27DBAE1C00E5E0D6 /* Frameworks */ = {
			isa = PBXFrameworksBuildPhase;
			buildActionMask = 2147483647;
			files = (
			);
			runOnlyForDeploymentPostprocessing = 0;
		};
/* End PBXFrameworksBuildPhase section */

/* Begin PBXGroup section */
		81A4CFE827DBAE1C00E5E0D6 = {
			isa = PBXGroup;
			children = (
				81A4CFF327DBAE1C00E5E0D6 /* CampusMapping */,
				81A4CFF227DBAE1C00E5E0D6 /* Products */,
			);
			sourceTree = "<group>";
		};
		81A4CFF227DBAE1C00E5E0D6 /* Products */ = {
			isa = PBXGroup;
			children = (
				81A4CFF127DBAE1C00E5E0D6 /* CampusMapping.app */,
			);
			name = Products;
			sourceTree = "<group>";
		};
		81A4CFF327DBAE1C00E5E0D6 /* CampusMapping */ = {
			isa = PBXGroup;
			children = (
				81772E6E27EA1F15006450EE /* WaypointViewController.swift */,
				819257D928031A2500D717D9 /* MapViewController.swift */,
				819257E3281A6A6F00D717D9 /* BuildingViewController.swift */,
				81772E7227EA5AAB006450EE /* TableViewController.swift */,
				819257DB280F262C00D717D9 /* Waypoint.swift */,
				819257E1281A604200D717D9 /* BuildingData.swift */,
				819257DF2814BD9B00D717D9 /* WaypointDataLoader.swift */,
				819257E7281BB75E00D717D9 /* BuildingDataLoader.swift */,
				81A4CFF427DBAE1C00E5E0D6 /* AppDelegate.swift */,
				81A4CFF627DBAE1C00E5E0D6 /* SceneDelegate.swift */,
				819257DD280F314E00D717D9 /* locations.json */,
				81A4CFFA27DBAE1C00E5E0D6 /* Main.storyboard */,
				81A4CFFD27DBAE1D00E5E0D6 /* Assets.xcassets */,
				81A4CFFF27DBAE1D00E5E0D6 /* LaunchScreen.storyboard */,
				81A4D00227DBAE1D00E5E0D6 /* Info.plist */,
				819257E5281BAC4B00D717D9 /* buildings.json */,
			);
			path = CampusMapping;
			sourceTree = "<group>";
		};
/* End PBXGroup section */

/* Begin PBXNativeTarget section */
		81A4CFF027DBAE1C00E5E0D6 /* CampusMapping */ = {
			isa = PBXNativeTarget;
			buildConfigurationList = 81A4D00527DBAE1D00E5E0D6 /* Build configuration list for PBXNativeTarget "CampusMapping" */;
			buildPhases = (
				81A4CFED27DBAE1C00E5E0D6 /* Sources */,
				81A4CFEE27DBAE1C00E5E0D6 /* Frameworks */,
				81A4CFEF27DBAE1C00E5E0D6 /* Resources */,
			);
			buildRules = (
			);
			dependencies = (
			);
			name = CampusMapping;
			productName = CampusMapping;
			productReference = 81A4CFF127DBAE1C00E5E0D6 /* CampusMapping.app */;
			productType = "com.apple.product-type.application";
		};
/* End PBXNativeTarget section */

/* Begin PBXProject section */
		81A4CFE927DBAE1C00E5E0D6 /* Project object */ = {
			isa = PBXProject;
			attributes = {
				BuildIndependentTargetsInParallel = 1;
				LastSwiftUpdateCheck = 1320;
				LastUpgradeCheck = 1320;
				TargetAttributes = {
					81A4CFF027DBAE1C00E5E0D6 = {
						CreatedOnToolsVersion = 13.2.1;
					};
				};
			};
			buildConfigurationList = 81A4CFEC27DBAE1C00E5E0D6 /* Build configuration list for PBXProject "CampusMapping" */;
			compatibilityVersion = "Xcode 13.0";
			developmentRegion = en;
			hasScannedForEncodings = 0;
			knownRegions = (
				en,
				Base,
			);
			mainGroup = 81A4CFE827DBAE1C00E5E0D6;
			productRefGroup = 81A4CFF227DBAE1C00E5E0D6 /* Products */;
			projectDirPath = "";
			projectRoot = "";
			targets = (
				81A4CFF027DBAE1C00E5E0D6 /* CampusMapping */,
			);
		};
/* End PBXProject section */

/* Begin PBXResourcesBuildPhase section */
		81A4CFEF27DBAE1C00E5E0D6 /* Resources */ = {
			isa = PBXResourcesBuildPhase;
			buildActionMask = 2147483647;
			files = (
				81A4D00127DBAE1D00E5E0D6 /* LaunchScreen.storyboard in Resources */,
				81A4CFFE27DBAE1D00E5E0D6 /* Assets.xcassets in Resources */,
				819257E6281BAC4B00D717D9 /* buildings.json in Resources */,
				819257DE280F314E00D717D9 /* locations.json in Resources */,
				81A4CFFC27DBAE1C00E5E0D6 /* Main.storyboard in Resources */,
			);
			runOnlyForDeploymentPostprocessing = 0;
		};
/* End PBXResourcesBuildPhase section */

/* Begin PBXSourcesBuildPhase section */
		81A4CFED27DBAE1C00E5E0D6 /* Sources */ = {
			isa = PBXSourcesBuildPhase;
			buildActionMask = 2147483647;
			files = (
				819257E4281A6A6F00D717D9 /* BuildingViewController.swift in Sources */,
				81772E6F27EA1F15006450EE /* WaypointViewController.swift in Sources */,
				81772E7327EA5AAB006450EE /* TableViewController.swift in Sources */,
				819257E02814BD9B00D717D9 /* WaypointDataLoader.swift in Sources */,
				819257DC280F262C00D717D9 /* Waypoint.swift in Sources */,
				81A4CFF527DBAE1C00E5E0D6 /* AppDelegate.swift in Sources */,
				819257E2281A604200D717D9 /* BuildingData.swift in Sources */,
				819257DA28031A2500D717D9 /* MapViewController.swift in Sources */,
				819257E8281BB75E00D717D9 /* BuildingDataLoader.swift in Sources */,
				81A4CFF727DBAE1C00E5E0D6 /* SceneDelegate.swift in Sources */,
			);
			runOnlyForDeploymentPostprocessing = 0;
		};
/* End PBXSourcesBuildPhase section */

/* Begin PBXVariantGroup section */
		81A4CFFA27DBAE1C00E5E0D6 /* Main.storyboard */ = {
			isa = PBXVariantGroup;
			children = (
				81A4CFFB27DBAE1C00E5E0D6 /* Base */,
			);
			name = Main.storyboard;
			sourceTree = "<group>";
		};
		81A4CFFF27DBAE1D00E5E0D6 /* LaunchScreen.storyboard */ = {
			isa = PBXVariantGroup;
			children = (
				81A4D00027DBAE1D00E5E0D6 /* Base */,
			);
			name = LaunchScreen.storyboard;
			sourceTree = "<group>";
		};
/* End PBXVariantGroup section */

/* Begin XCBuildConfiguration section */
		81A4D00327DBAE1D00E5E0D6 /* Debug */ = {
			isa = XCBuildConfiguration;
			buildSettings = {
				ALWAYS_SEARCH_USER_PATHS = NO;
				CLANG_ANALYZER_NONNULL = YES;
				CLANG_ANALYZER_NUMBER_OBJECT_CONVERSION = YES_AGGRESSIVE;
				CLANG_CXX_LANGUAGE_STANDARD = "gnu++17";
				CLANG_CXX_LIBRARY = "libc++";
				CLANG_ENABLE_MODULES = YES;
				CLANG_ENABLE_OBJC_ARC = YES;
				CLANG_ENABLE_OBJC_WEAK = YES;
				CLANG_WARN_BLOCK_CAPTURE_AUTORELEASING = YES;
				CLANG_WARN_BOOL_CONVERSION = YES;
				CLANG_WARN_COMMA = YES;
				CLANG_WARN_CONSTANT_CONVERSION = YES;
				CLANG_WARN_DEPRECATED_OBJC_IMPLEMENTATIONS = YES;
				CLANG_WARN_DIRECT_OBJC_ISA_USAGE = YES_ERROR;
				CLANG_WARN_DOCUMENTATION_COMMENTS = YES;
				CLANG_WARN_EMPTY_BODY = YES;
				CLANG_WARN_ENUM_CONVERSION = YES;
				CLANG_WARN_INFINITE_RECURSION = YES;
				CLANG_WARN_INT_CONVERSION = YES;
				CLANG_WARN_NON_LITERAL_NULL_CONVERSION = YES;
				CLANG_WARN_OBJC_IMPLICIT_RETAIN_SELF = YES;
				CLANG_WARN_OBJC_LITERAL_CONVERSION = YES;
				CLANG_WARN_OBJC_ROOT_CLASS = YES_ERROR;
				CLANG_WARN_QUOTED_INCLUDE_IN_FRAMEWORK_HEADER = YES;
				CLANG_WARN_RANGE_LOOP_ANALYSIS = YES;
				CLANG_WARN_STRICT_PROTOTYPES = YES;
				CLANG_WARN_SUSPICIOUS_MOVE = YES;
				CLANG_WARN_UNGUARDED_AVAILABILITY = YES_AGGRESSIVE;
				CLANG_WARN_UNREACHABLE_CODE = YES;
				CLANG_WARN__DUPLICATE_METHOD_MATCH = YES;
				COPY_PHASE_STRIP = NO;
				DEBUG_INFORMATION_FORMAT = dwarf;
				ENABLE_STRICT_OBJC_MSGSEND = YES;
				ENABLE_TESTABILITY = YES;
				GCC_C_LANGUAGE_STANDARD = gnu11;
				GCC_DYNAMIC_NO_PIC = NO;
				GCC_NO_COMMON_BLOCKS = YES;
				GCC_OPTIMIZATION_LEVEL = 0;
				GCC_PREPROCESSOR_DEFINITIONS = (
					"DEBUG=1",
					"$(inherited)",
				);
				GCC_WARN_64_TO_32_BIT_CONVERSION = YES;
				GCC_WARN_ABOUT_RETURN_TYPE = YES_ERROR;
				GCC_WARN_UNDECLARED_SELECTOR = YES;
				GCC_WARN_UNINITIALIZED_AUTOS = YES_AGGRESSIVE;
				GCC_WARN_UNUSED_FUNCTION = YES;
				GCC_WARN_UNUSED_VARIABLE = YES;
				IPHONEOS_DEPLOYMENT_TARGET = 15.2;
				MTL_ENABLE_DEBUG_INFO = INCLUDE_SOURCE;
				MTL_FAST_MATH = YES;
				ONLY_ACTIVE_ARCH = YES;
				SDKROOT = iphoneos;
				SWIFT_ACTIVE_COMPILATION_CONDITIONS = DEBUG;
				SWIFT_OPTIMIZATION_LEVEL = "-Onone";
			};
			name = Debug;
		};
		81A4D00427DBAE1D00E5E0D6 /* Release */ = {
			isa = XCBuildConfiguration;
			buildSettings = {
				ALWAYS_SEARCH_USER_PATHS = NO;
				CLANG_ANALYZER_NONNULL = YES;
				CLANG_ANALYZER_NUMBER_OBJECT_CONVERSION = YES_AGGRESSIVE;
				CLANG_CXX_LANGUAGE_STANDARD = "gnu++17";
				CLANG_CXX_LIBRARY = "libc++";
				CLANG_ENABLE_MODULES = YES;
				CLANG_ENABLE_OBJC_ARC = YES;
				CLANG_ENABLE_OBJC_WEAK = YES;
				CLANG_WARN_BLOCK_CAPTURE_AUTORELEASING = YES;
				CLANG_WARN_BOOL_CONVERSION = YES;
				CLANG_WARN_COMMA = YES;
				CLANG_WARN_CONSTANT_CONVERSION = YES;
				CLANG_WARN_DEPRECATED_OBJC_IMPLEMENTATIONS = YES;
				CLANG_WARN_DIRECT_OBJC_ISA_USAGE = YES_ERROR;
				CLANG_WARN_DOCUMENTATION_COMMENTS = YES;
				CLANG_WARN_EMPTY_BODY = YES;
				CLANG_WARN_ENUM_CONVERSION = YES;
				CLANG_WARN_INFINITE_RECURSION = YES;
				CLANG_WARN_INT_CONVERSION = YES;
				CLANG_WARN_NON_LITERAL_NULL_CONVERSION = YES;
				CLANG_WARN_OBJC_IMPLICIT_RETAIN_SELF = YES;
				CLANG_WARN_OBJC_LITERAL_CONVERSION = YES;
				CLANG_WARN_OBJC_ROOT_CLASS = YES_ERROR;
				CLANG_WARN_QUOTED_INCLUDE_IN_FRAMEWORK_HEADER = YES;
				CLANG_WARN_RANGE_LOOP_ANALYSIS = YES;
				CLANG_WARN_STRICT_PROTOTYPES = YES;
				CLANG_WARN_SUSPICIOUS_MOVE = YES;
				CLANG_WARN_UNGUARDED_AVAILABILITY = YES_AGGRESSIVE;
				CLANG_WARN_UNREACHABLE_CODE = YES;
				CLANG_WARN__DUPLICATE_METHOD_MATCH = YES;
				COPY_PHASE_STRIP = NO;
				DEBUG_INFORMATION_FORMAT = "dwarf-with-dsym";
				ENABLE_NS_ASSERTIONS = NO;
				ENABLE_STRICT_OBJC_MSGSEND = YES;
				GCC_C_LANGUAGE_STANDARD = gnu11;
				GCC_NO_COMMON_BLOCKS = YES;
				GCC_WARN_64_TO_32_BIT_CONVERSION = YES;
				GCC_WARN_ABOUT_RETURN_TYPE = YES_ERROR;
				GCC_WARN_UNDECLARED_SELECTOR = YES;
				GCC_WARN_UNINITIALIZED_AUTOS = YES_AGGRESSIVE;
				GCC_WARN_UNUSED_FUNCTION = YES;
				GCC_WARN_UNUSED_VARIABLE = YES;
				IPHONEOS_DEPLOYMENT_TARGET = 15.2;
				MTL_ENABLE_DEBUG_INFO = NO;
				MTL_FAST_MATH = YES;
				SDKROOT = iphoneos;
				SWIFT_COMPILATION_MODE = wholemodule;
				SWIFT_OPTIMIZATION_LEVEL = "-O";
				VALIDATE_PRODUCT = YES;
			};
			name = Release;
		};
		81A4D00627DBAE1D00E5E0D6 /* Debug */ = {
			isa = XCBuildConfiguration;
			buildSettings = {
				ASSETCATALOG_COMPILER_APPICON_NAME = AppIcon;
				ASSETCATALOG_COMPILER_GLOBAL_ACCENT_COLOR_NAME = AccentColor;
				CODE_SIGN_STYLE = Automatic;
				CURRENT_PROJECT_VERSION = 1;
				DEVELOPMENT_TEAM = HPRUM653FY;
				GENERATE_INFOPLIST_FILE = YES;
				INFOPLIST_FILE = CampusMapping/Info.plist;
				INFOPLIST_KEY_UIApplicationSupportsIndirectInputEvents = YES;
				INFOPLIST_KEY_UILaunchStoryboardName = LaunchScreen;
				INFOPLIST_KEY_UIMainStoryboardFile = Main;
				INFOPLIST_KEY_UISupportedInterfaceOrientations_iPad = "UIInterfaceOrientationPortrait UIInterfaceOrientationPortraitUpsideDown UIInterfaceOrientationLandscapeLeft UIInterfaceOrientationLandscapeRight";
				INFOPLIST_KEY_UISupportedInterfaceOrientations_iPhone = "UIInterfaceOrientationPortrait UIInterfaceOrientationLandscapeLeft UIInterfaceOrientationLandscapeRight";
				LD_RUNPATH_SEARCH_PATHS = (
					"$(inherited)",
					"@executable_path/Frameworks",
				);
				MARKETING_VERSION = 1.0;
				PRODUCT_BUNDLE_IDENTIFIER = arc29.CampusMapping;
				PRODUCT_NAME = "$(TARGET_NAME)";
				SWIFT_EMIT_LOC_STRINGS = YES;
				SWIFT_VERSION = 5.0;
				TARGETED_DEVICE_FAMILY = "1,2";
			};
			name = Debug;
		};
		81A4D00727DBAE1D00E5E0D6 /* Release */ = {
			isa = XCBuildConfiguration;
			buildSettings = {
				ASSETCATALOG_COMPILER_APPICON_NAME = AppIcon;
				ASSETCATALOG_COMPILER_GLOBAL_ACCENT_COLOR_NAME = AccentColor;
				CODE_SIGN_STYLE = Automatic;
				CURRENT_PROJECT_VERSION = 1;
				DEVELOPMENT_TEAM = HPRUM653FY;
				GENERATE_INFOPLIST_FILE = YES;
				INFOPLIST_FILE = CampusMapping/Info.plist;
				INFOPLIST_KEY_UIApplicationSupportsIndirectInputEvents = YES;
				INFOPLIST_KEY_UILaunchStoryboardName = LaunchScreen;
				INFOPLIST_KEY_UIMainStoryboardFile = Main;
				INFOPLIST_KEY_UISupportedInterfaceOrientations_iPad = "UIInterfaceOrientationPortrait UIInterfaceOrientationPortraitUpsideDown UIInterfaceOrientationLandscapeLeft UIInterfaceOrientationLandscapeRight";
				INFOPLIST_KEY_UISupportedInterfaceOrientations_iPhone = "UIInterfaceOrientationPortrait UIInterfaceOrientationLandscapeLeft UIInterfaceOrientationLandscapeRight";
				LD_RUNPATH_SEARCH_PATHS = (
					"$(inherited)",
					"@executable_path/Frameworks",
				);
				MARKETING_VERSION = 1.0;
				PRODUCT_BUNDLE_IDENTIFIER = arc29.CampusMapping;
				PRODUCT_NAME = "$(TARGET_NAME)";
				SWIFT_EMIT_LOC_STRINGS = YES;
				SWIFT_VERSION = 5.0;
				TARGETED_DEVICE_FAMILY = "1,2";
			};
			name = Release;
		};
/* End XCBuildConfiguration section */

/* Begin XCConfigurationList section */
		81A4CFEC27DBAE1C00E5E0D6 /* Build configuration list for PBXProject "CampusMapping" */ = {
			isa = XCConfigurationList;
			buildConfigurations = (
				81A4D00327DBAE1D00E5E0D6 /* Debug */,
				81A4D00427DBAE1D00E5E0D6 /* Release */,
			);
			defaultConfigurationIsVisible = 0;
			defaultConfigurationName = Release;
		};
		81A4D00527DBAE1D00E5E0D6 /* Build configuration list for PBXNativeTarget "CampusMapping" */ = {
			isa = XCConfigurationList;
			buildConfigurations = (
				81A4D00627DBAE1D00E5E0D6 /* Debug */,
				81A4D00727DBAE1D00E5E0D6 /* Release */,
			);
			defaultConfigurationIsVisible = 0;
			defaultConfigurationName = Release;
		};
/* End XCConfigurationList section */
	};
	rootObject = 81A4CFE927DBAE1C00E5E0D6 /* Project object */;
}
